
Microsoft Visual Studio Solution File, Format Version 12.00
# Visual Studio 15
VisualStudioVersion = 15.0.28010.0
MinimumVisualStudioVersion = 10.0.40219.1
Project("{FAE04EC0-301F-11D3-BF4B-00C04F79EFBC}") = "ConsoleApp3", "ConsoleApp3\ConsoleApp3.csproj", "{BA25755B-A504-4E08-9B0D-F4FEE37D3DBC}"
EndProject
Global
	GlobalSection(SolutionConfigurationPlatforms) = preSolution
		Debug|Any CPU = Debug|Any CPU
		Release|Any CPU = Release|Any CPU
	EndGlobalSection
	GlobalSection(ProjectConfigurationPlatforms) = postSolution
		{BA25755B-A504-4E08-9B0D-F4FEE37D3DBC}.Debug|Any CPU.ActiveCfg = Debug|Any CPU
		{BA25755B-A504-4E08-9B0D-F4FEE37D3DBC}.Debug|Any CPU.Build.0 = Debug|Any CPU
		{BA25755B-A504-4E08-9B0D-F4FEE37D3DBC}.Release|Any CPU.ActiveCfg = Release|Any CPU
		{BA25755B-A504-4E08-9B0D-F4FEE37D3DBC}.Release|Any CPU.Build.0 = Release|Any CPU
	EndGlobalSection
	GlobalSection(SolutionProperties) = preSolution
		HideSolutionNode = FALSE
	EndGlobalSection
	GlobalSection(ExtensibilityGlobals) = postSolution
		SolutionGuid = {ED5F8FAC-6EDE-4819-A37B-D1A37E8D0FEE}
	EndGlobalSection
EndGlobal
