
Microsoft Visual Studio Solution File, Format Version 12.00
# Visual Studio 15
VisualStudioVersion = 15.0.28010.2026
MinimumVisualStudioVersion = 10.0.40219.1
Project("{FAE04EC0-301F-11D3-BF4B-00C04F79EFBC}") = "AutomatedTellerMachine", "AutomatedTellerMachine\AutomatedTellerMachine.csproj", "{CFAB80B5-1513-4B8A-BAAE-493614A1E6ED}"
EndProject
Project("{FAE04EC0-301F-11D3-BF4B-00C04F79EFBC}") = "AutomatedTellerMachine.Tests", "AutomatedTellerMachine.Tests\AutomatedTellerMachine.Tests.csproj", "{03D06026-7A15-4899-913B-84DD57E40ED7}"
EndProject
Global
	GlobalSection(SolutionConfigurationPlatforms) = preSolution
		Debug|Any CPU = Debug|Any CPU
		Release|Any CPU = Release|Any CPU
	EndGlobalSection
	GlobalSection(ProjectConfigurationPlatforms) = postSolution
		{CFAB80B5-1513-4B8A-BAAE-493614A1E6ED}.Debug|Any CPU.ActiveCfg = Debug|Any CPU
		{CFAB80B5-1513-4B8A-BAAE-493614A1E6ED}.Debug|Any CPU.Build.0 = Debug|Any CPU
		{CFAB80B5-1513-4B8A-BAAE-493614A1E6ED}.Release|Any CPU.ActiveCfg = Release|Any CPU
		{CFAB80B5-1513-4B8A-BAAE-493614A1E6ED}.Release|Any CPU.Build.0 = Release|Any CPU
		{03D06026-7A15-4899-913B-84DD57E40ED7}.Debug|Any CPU.ActiveCfg = Debug|Any CPU
		{03D06026-7A15-4899-913B-84DD57E40ED7}.Debug|Any CPU.Build.0 = Debug|Any CPU
		{03D06026-7A15-4899-913B-84DD57E40ED7}.Release|Any CPU.ActiveCfg = Release|Any CPU
		{03D06026-7A15-4899-913B-84DD57E40ED7}.Release|Any CPU.Build.0 = Release|Any CPU
	EndGlobalSection
	GlobalSection(SolutionProperties) = preSolution
		HideSolutionNode = FALSE
	EndGlobalSection
	GlobalSection(ExtensibilityGlobals) = postSolution
		SolutionGuid = {AE08744C-B5F4-42F5-84E1-4AEF88E7A46D}
	EndGlobalSection
EndGlobal
