
Microsoft Visual Studio Solution File, Format Version 12.00
# Visual Studio 15
VisualStudioVersion = 15.0.28010.0
MinimumVisualStudioVersion = 10.0.40219.1
Project("{FAE04EC0-301F-11D3-BF4B-00C04F79EFBC}") = "CRUDwithMVCUsingEntity", "CRUDwithMVCUsingEntity\CRUDwithMVCUsingEntity.csproj", "{7E5AB59B-87A4-4B2F-B493-530D0F93C1A8}"
EndProject
Global
	GlobalSection(SolutionConfigurationPlatforms) = preSolution
		Debug|Any CPU = Debug|Any CPU
		Release|Any CPU = Release|Any CPU
	EndGlobalSection
	GlobalSection(ProjectConfigurationPlatforms) = postSolution
		{7E5AB59B-87A4-4B2F-B493-530D0F93C1A8}.Debug|Any CPU.ActiveCfg = Debug|Any CPU
		{7E5AB59B-87A4-4B2F-B493-530D0F93C1A8}.Debug|Any CPU.Build.0 = Debug|Any CPU
		{7E5AB59B-87A4-4B2F-B493-530D0F93C1A8}.Release|Any CPU.ActiveCfg = Release|Any CPU
		{7E5AB59B-87A4-4B2F-B493-530D0F93C1A8}.Release|Any CPU.Build.0 = Release|Any CPU
	EndGlobalSection
	GlobalSection(SolutionProperties) = preSolution
		HideSolutionNode = FALSE
	EndGlobalSection
	GlobalSection(ExtensibilityGlobals) = postSolution
		SolutionGuid = {2BD4C8A5-D8C1-4C1D-A42C-043A68416BC6}
	EndGlobalSection
EndGlobal
